
Microsoft Visual Studio Solution File, Format Version 12.00
# Visual Studio Version 17
VisualStudioVersion = 17.5.33530.505
MinimumVisualStudioVersion = 10.0.40219.1
Project("{FAE04EC0-301F-11D3-BF4B-00C04F79EFBC}") = "Week14OOP", "Week14OOP\Week14OOP.csproj", "{CDB5540D-2D03-4E7B-AE51-3FF6360614EC}"
EndProject
Project("{FAE04EC0-301F-11D3-BF4B-00C04F79EFBC}") = "Test", "Test\Test.csproj", "{ABE6FAE0-C6FD-442C-A524-1D53785D0DFF}"
EndProject
Global
	GlobalSection(SolutionConfigurationPlatforms) = preSolution
		Debug|Any CPU = Debug|Any CPU
		Release|Any CPU = Release|Any CPU
	EndGlobalSection
	GlobalSection(ProjectConfigurationPlatforms) = postSolution
		{CDB5540D-2D03-4E7B-AE51-3FF6360614EC}.Debug|Any CPU.ActiveCfg = Debug|Any CPU
		{CDB5540D-2D03-4E7B-AE51-3FF6360614EC}.Debug|Any CPU.Build.0 = Debug|Any CPU
		{CDB5540D-2D03-4E7B-AE51-3FF6360614EC}.Release|Any CPU.ActiveCfg = Release|Any CPU
		{CDB5540D-2D03-4E7B-AE51-3FF6360614EC}.Release|Any CPU.Build.0 = Release|Any CPU
		{ABE6FAE0-C6FD-442C-A524-1D53785D0DFF}.Debug|Any CPU.ActiveCfg = Debug|Any CPU
		{ABE6FAE0-C6FD-442C-A524-1D53785D0DFF}.Debug|Any CPU.Build.0 = Debug|Any CPU
		{ABE6FAE0-C6FD-442C-A524-1D53785D0DFF}.Release|Any CPU.ActiveCfg = Release|Any CPU
		{ABE6FAE0-C6FD-442C-A524-1D53785D0DFF}.Release|Any CPU.Build.0 = Release|Any CPU
	EndGlobalSection
	GlobalSection(SolutionProperties) = preSolution
		HideSolutionNode = FALSE
	EndGlobalSection
	GlobalSection(ExtensibilityGlobals) = postSolution
		SolutionGuid = {103EAF42-6959-422D-B061-08AC59F6CECD}
	EndGlobalSection
EndGlobal
